
Microsoft Visual Studio Solution File, Format Version 12.00
# Visual Studio Version 17
VisualStudioVersion = 17.4.33213.308
MinimumVisualStudioVersion = 10.0.40219.1
Project("{F184B08F-C81C-45F6-A57F-5ABD9991F28F}") = "FULL APPLICATION", "FULL APPLICATION\FULL APPLICATION.vbproj", "{7590D2CD-9181-4150-A666-DDEE4D6E35C3}"
EndProject
Global
	GlobalSection(SolutionConfigurationPlatforms) = preSolution
		Debug|Any CPU = Debug|Any CPU
		Release|Any CPU = Release|Any CPU
	EndGlobalSection
	GlobalSection(ProjectConfigurationPlatforms) = postSolution
		{7590D2CD-9181-4150-A666-DDEE4D6E35C3}.Debug|Any CPU.ActiveCfg = Debug|Any CPU
		{7590D2CD-9181-4150-A666-DDEE4D6E35C3}.Debug|Any CPU.Build.0 = Debug|Any CPU
		{7590D2CD-9181-4150-A666-DDEE4D6E35C3}.Release|Any CPU.ActiveCfg = Release|Any CPU
		{7590D2CD-9181-4150-A666-DDEE4D6E35C3}.Release|Any CPU.Build.0 = Release|Any CPU
	EndGlobalSection
	GlobalSection(SolutionProperties) = preSolution
		HideSolutionNode = FALSE
	EndGlobalSection
	GlobalSection(ExtensibilityGlobals) = postSolution
		SolutionGuid = {DD6E9762-5AD3-47D6-AC3F-1ABDFCFFC166}
	EndGlobalSection
EndGlobal
